// !$*UTF8*$!
{
	archiveVersion = 1;
	classes = {
	};
	objectVersion = 46;
	objects = {
/* Begin PBXBuildFile section */
		0044FA8AEBC14A43BC879D94 /* APPNotificationOptions.m in Sources */ = {isa = PBXBuildFile; fileRef = AE95FA92B77245859FCDC941 /* APPNotificationOptions.m */; };
		0207DA581B56EA530066E2B4 /* Images.xcassets in Resources */ = {isa = PBXBuildFile; fileRef = 0207DA571B56EA530066E2B4 /* Images.xcassets */; };
		077E10C37F5E488EB75B5F90 /* GTMSessionFetcher.framework in Frameworks */ = {isa = PBXBuildFile; fileRef = 11673F67801A481096A9B450 /* GTMSessionFetcher.framework */; };
		07DE1303707A406A92B24520 /* CDVSplashScreen.m in Sources */ = {isa = PBXBuildFile; fileRef = 76FE1D1E7C9946B198D0F648 /* CDVSplashScreen.m */; };
		09605B38C3064D279FFD49D9 /* FirebaseMessaging.framework in Frameworks */ = {isa = PBXBuildFile; fileRef = 40CCCA68F2B54E18803EE260 /* FirebaseMessaging.framework */; };
		0A90CC59D16F4E89987B17C8 /* Protobuf.framework in Frameworks */ = {isa = PBXBuildFile; fileRef = 149CB17095BF421187754027 /* Protobuf.framework */; };
		18CB7C7602E441B3A2C18BB3 /* FirebaseAnalytics.framework in Frameworks */ = {isa = PBXBuildFile; fileRef = 3779F880BDE94FBFBF932455 /* FirebaseAnalytics.framework */; };
		1D3623260D0F684500981E51 /* AppDelegate.m in Sources */ = {isa = PBXBuildFile; fileRef = 1D3623250D0F684500981E51 /* AppDelegate.m */; };
		1D60589B0D05DD56006BFB54 /* main.m in Sources */ = {isa = PBXBuildFile; fileRef = 29B97316FDCFA39411CA2CEA /* main.m */; };
		25B14BD9717E4B54A02A2ECA /* FirebaseAuth.framework in Frameworks */ = {isa = PBXBuildFile; fileRef = CCCCB6AA587549DDA91696CC /* FirebaseAuth.framework */; };
		279F06E59B5B4FCE8935DC17 /* CoreLocation.framework in Frameworks */ = {isa = PBXBuildFile; fileRef = 7B8C933798524765BA1FC28A /* CoreLocation.framework */; };
		2CD79BF02B7B4A31BA2027D0 /* FirebaseABTesting.framework in Frameworks */ = {isa = PBXBuildFile; fileRef = 13970510BB6F429788553AF8 /* FirebaseABTesting.framework */; };
		301BF552109A68D80062928A /* libCordova.a in Frameworks */ = {isa = PBXBuildFile; fileRef = 301BF535109A57CC0062928A /* libCordova.a */; settings = {ATTRIBUTES = (Required, ); }; };
		302D95F114D2391D003F00A1 /* MainViewController.m in Sources */ = {isa = PBXBuildFile; fileRef = 302D95EF14D2391D003F00A1 /* MainViewController.m */; };
		302D95F214D2391D003F00A1 /* MainViewController.xib in Resources */ = {isa = PBXBuildFile; fileRef = 302D95F014D2391D003F00A1 /* MainViewController.xib */; };
		31BF049AB7064920A20D7255 /* FirebasePerformance.framework in Frameworks */ = {isa = PBXBuildFile; fileRef = 28FDFA2B541C47198F5CA94E /* FirebasePerformance.framework */; };
		3A71C235E1724FA6831576F9 /* CDVDevice.m in Sources */ = {isa = PBXBuildFile; fileRef = 57FC24D79DDB4F98BA6F6A0B /* CDVDevice.m */; };
		3E249A88A6694AC694BC767F /* FirebasePlugin.m in Sources */ = {isa = PBXBuildFile; fileRef = 2154F5B7B34F4EF599ABD16C /* FirebasePlugin.m */; };
		412BB2026F1749A488D20521 /* APPLocalNotification.m in Sources */ = {isa = PBXBuildFile; fileRef = 7B00E9E921854095ABA0DF43 /* APPLocalNotification.m */; };
		4326E4444F684F72BD3713BF /* CDVViewController+SplashScreen.m in Sources */ = {isa = PBXBuildFile; fileRef = D6DF284BAA154345940AECF3 /* CDVViewController+SplashScreen.m */; };
		59524EC3C5DD4474B20D4BEB /* FirebaseRemoteConfig.framework in Frameworks */ = {isa = PBXBuildFile; fileRef = 7F1C610C48084D39BD39529F /* FirebaseRemoteConfig.framework */; };
		5EAA0A93A58A4191BA8397C9 /* GoogleAppMeasurement.framework in Frameworks */ = {isa = PBXBuildFile; fileRef = E155127E97E440D286B9BA34 /* GoogleAppMeasurement.framework */; };
		6148387DF94C442EB2195E24 /* WebKit.framework in Frameworks */ = {isa = PBXBuildFile; fileRef = 3C634803A20C40609EE9FB42 /* WebKit.framework */; settings = {ATTRIBUTES = (Required, ); }; };
		6AFF5BF91D6E424B00AB3073 /* CDVLaunchScreen.storyboard in Resources */ = {isa = PBXBuildFile; fileRef = 6AFF5BF81D6E424B00AB3073 /* CDVLaunchScreen.storyboard */; };
		7518E213523C451FADC7776E /* FirebaseInstanceID.framework in Frameworks */ = {isa = PBXBuildFile; fileRef = 77595C0224D749958F37F133 /* FirebaseInstanceID.framework */; };
		8457840F0BEE4FFE99FD3858 /* Fabric.framework in Frameworks */ = {isa = PBXBuildFile; fileRef = 925E67D691D043468F727929 /* Fabric.framework */; };
		8FA82AFCFD7B476393BAD7C0 /* UNUserNotificationCenter+APPLocalNotification.m in Sources */ = {isa = PBXBuildFile; fileRef = D2C89051DEDF4557B00D3BE7 /* UNUserNotificationCenter+APPLocalNotification.m */; };
		97A2D3A1EDB1419AA439E044 /* GoogleToolboxForMac.framework in Frameworks */ = {isa = PBXBuildFile; fileRef = B9A5C5FC94B2405EA9418369 /* GoogleToolboxForMac.framework */; };
		9D75ACE4ACD24334BCC8A23D /* IONAssetHandler.m in Sources */ = {isa = PBXBuildFile; fileRef = 6AF373DFD1634E2D917CDFA9 /* IONAssetHandler.m */; };
		A0D9EE207C6045B5BE5FB8D2 /* APPNotificationContent.m in Sources */ = {isa = PBXBuildFile; fileRef = 4F5CAAEB589D42DDAA35E8A8 /* APPNotificationContent.m */; };
		AC4C6DFFE5474FB7BCB222A2 /* nanopb.framework in Frameworks */ = {isa = PBXBuildFile; fileRef = 2BC0FF5FBA2E472AA2C06057 /* nanopb.framework */; };
		B3571636B5324E1199A79F71 /* FirebaseCoreDiagnostics.framework in Frameworks */ = {isa = PBXBuildFile; fileRef = 58072E3A6F3E462ABA0D854B /* FirebaseCoreDiagnostics.framework */; };
		B47D42969816465CAEE3C1E0 /* FirebaseCore.framework in Frameworks */ = {isa = PBXBuildFile; fileRef = CFD91C61C942408CBD1A0476 /* FirebaseCore.framework */; };
		B80B3DDBF6164A95B8D085D8 /* CDVIonicKeyboard.m in Sources */ = {isa = PBXBuildFile; fileRef = 274782A54F9C4E7A9FEF3808 /* CDVIonicKeyboard.m */; };
		C27E53AF23C3425AB2B88998 /* UserNotifications.framework in Frameworks */ = {isa = PBXBuildFile; fileRef = 1CEFF9E8BC6C4BC0ACF2C5C5 /* UserNotifications.framework */; };
		E0CA4287A2CF4D0A975B6CC5 /* UNNotificationRequest+APPLocalNotification.m in Sources */ = {isa = PBXBuildFile; fileRef = 6B67CEF6E18543389BE3F62D /* UNNotificationRequest+APPLocalNotification.m */; };
		E26069073EA44E54B9888410 /* CDVWKProcessPoolFactory.m in Sources */ = {isa = PBXBuildFile; fileRef = 643CE8A6E4994B699E86B7EE /* CDVWKProcessPoolFactory.m */; };
		E30BE14DEF1943C0B9764494 /* CDVWKWebViewUIDelegate.m in Sources */ = {isa = PBXBuildFile; fileRef = 87294AEFAD4643249E9FD246 /* CDVWKWebViewUIDelegate.m */; };
		E7CA4C0DD85E429893C7C794 /* CDVWKWebViewEngine.m in Sources */ = {isa = PBXBuildFile; fileRef = 09CD62E1B3E94FC4B78C9C77 /* CDVWKWebViewEngine.m */; };
		EAB27783FE9840F596D111C4 /* AppDelegate+FirebasePlugin.m in Sources */ = {isa = PBXBuildFile; fileRef = A0A793C132254D56A28F914E /* AppDelegate+FirebasePlugin.m */; };
		EF6692589E1D452BABACD22D /* GoogleUtilities.framework in Frameworks */ = {isa = PBXBuildFile; fileRef = 85ADFA5B25C747A99B665D0D /* GoogleUtilities.framework */; };
		F26847F31B45414586018097 /* MeasurementNanoPB.framework in Frameworks */ = {isa = PBXBuildFile; fileRef = F88696B6117C41DEABF42336 /* MeasurementNanoPB.framework */; };
		F449748592574D46BF44FAAE /* CDVStatusBar.m in Sources */ = {isa = PBXBuildFile; fileRef = 208562206685413DA2190D9C /* CDVStatusBar.m */; };
		FA388F992298FD340010EAC7 /* GoogleService-Info.plist in Resources */ = {isa = PBXBuildFile; fileRef = FA388F982298FD340010EAC7 /* GoogleService-Info.plist */; };
		FC56015BAFE44F04BA593A50 /* Crashlytics.framework in Frameworks */ = {isa = PBXBuildFile; fileRef = D34C19EF0DAA4C4C862B7ACF /* Crashlytics.framework */; };
		FF484C9E3BC749CC992A2497 /* APPBadge.m in Sources */ = {isa = PBXBuildFile; fileRef = AA74315FD9FC429FB9DC84D7 /* APPBadge.m */; };
/* End PBXBuildFile section */

/* Begin PBXContainerItemProxy section */
		301BF534109A57CC0062928A /* PBXContainerItemProxy */ = {
			isa = PBXContainerItemProxy;
			containerPortal = 301BF52D109A57CC0062928A /* CordovaLib/CordovaLib.xcodeproj */;
			proxyType = 2;
			remoteGlobalIDString = D2AAC07E0554694100DB518D;
			remoteInfo = CordovaLib;
		};
		301BF550109A68C00062928A /* PBXContainerItemProxy */ = {
			isa = PBXContainerItemProxy;
			containerPortal = 301BF52D109A57CC0062928A /* CordovaLib/CordovaLib.xcodeproj */;
			proxyType = 1;
			remoteGlobalIDString = D2AAC07D0554694100DB518D;
			remoteInfo = CordovaLib;
		};
		907D8123214C687600058A10 /* PBXContainerItemProxy */ = {
			isa = PBXContainerItemProxy;
			containerPortal = 301BF52D109A57CC0062928A /* CordovaLib/CordovaLib.xcodeproj */;
			proxyType = 2;
			remoteGlobalIDString = C0C01EB21E3911D50056E6CB;
			remoteInfo = Cordova;
		};
/* End PBXContainerItemProxy section */

/* Begin PBXFileReference section */
		0207DA571B56EA530066E2B4 /* Images.xcassets */ = {isa = PBXFileReference; lastKnownFileType = folder.assetcatalog; name = Images.xcassets; path = MyApp/Images.xcassets; sourceTree = SOURCE_ROOT; };
		09CD62E1B3E94FC4B78C9C77 /* CDVWKWebViewEngine.m */ = {isa = PBXFileReference; explicitFileType = undefined; fileEncoding = 4; includeInIndex = 0; lastKnownFileType = sourcecode.c.objc; name = CDVWKWebViewEngine.m; path = "cordova-plugin-ionic-webview/CDVWKWebViewEngine.m"; sourceTree = "<group>"; };
		11673F67801A481096A9B450 /* GTMSessionFetcher.framework */ = {isa = PBXFileReference; explicitFileType = undefined; fileEncoding = 9; includeInIndex = 0; lastKnownFileType = wrapper.framework; name = GTMSessionFetcher.framework; path = "MyApp/Plugins/cordova-plugin-firebase/GTMSessionFetcher.framework"; sourceTree = "<group>"; };
		12DEB11C0BA44BE0AA786CB7 /* Firebase.h */ = {isa = PBXFileReference; explicitFileType = undefined; fileEncoding = 4; includeInIndex = 0; lastKnownFileType = sourcecode.c.h; name = Firebase.h; path = "cordova-plugin-firebase/Firebase.h"; sourceTree = "<group>"; };
		13970510BB6F429788553AF8 /* FirebaseABTesting.framework */ = {isa = PBXFileReference; explicitFileType = undefined; fileEncoding = 9; includeInIndex = 0; lastKnownFileType = wrapper.framework; name = FirebaseABTesting.framework; path = "MyApp/Plugins/cordova-plugin-firebase/FirebaseABTesting.framework"; sourceTree = "<group>"; };
		149CB17095BF421187754027 /* Protobuf.framework */ = {isa = PBXFileReference; explicitFileType = undefined; fileEncoding = 9; includeInIndex = 0; lastKnownFileType = wrapper.framework; name = Protobuf.framework; path = "MyApp/Plugins/cordova-plugin-firebase/Protobuf.framework"; sourceTree = "<group>"; };
		1CEFF9E8BC6C4BC0ACF2C5C5 /* UserNotifications.framework */ = {isa = PBXFileReference; explicitFileType = undefined; fileEncoding = 9; includeInIndex = 0; lastKnownFileType = wrapper.framework; name = UserNotifications.framework; path = System/Library/Frameworks/UserNotifications.framework; sourceTree = SDKROOT; };
		1D3623240D0F684500981E51 /* AppDelegate.h */ = {isa = PBXFileReference; fileEncoding = 4; lastKnownFileType = sourcecode.c.h; path = AppDelegate.h; sourceTree = "<group>"; };
		1D3623250D0F684500981E51 /* AppDelegate.m */ = {isa = PBXFileReference; fileEncoding = 4; lastKnownFileType = sourcecode.c.objc; path = AppDelegate.m; sourceTree = "<group>"; };
		1D6058910D05DD3D006BFB54 /* MyApp.app */ = {isa = PBXFileReference; explicitFileType = wrapper.application; includeInIndex = 0; path = MyApp.app; sourceTree = BUILT_PRODUCTS_DIR; };
		208562206685413DA2190D9C /* CDVStatusBar.m */ = {isa = PBXFileReference; explicitFileType = undefined; fileEncoding = 4; includeInIndex = 0; lastKnownFileType = sourcecode.c.objc; name = CDVStatusBar.m; path = "cordova-plugin-statusbar/CDVStatusBar.m"; sourceTree = "<group>"; };
		2154F5B7B34F4EF599ABD16C /* FirebasePlugin.m */ = {isa = PBXFileReference; explicitFileType = undefined; fileEncoding = 4; includeInIndex = 0; lastKnownFileType = sourcecode.c.objc; name = FirebasePlugin.m; path = "cordova-plugin-firebase/FirebasePlugin.m"; sourceTree = "<group>"; };
		2571D5705A4844A0956808D7 /* APPNotificationContent.h */ = {isa = PBXFileReference; explicitFileType = undefined; fileEncoding = 4; includeInIndex = 0; lastKnownFileType = sourcecode.c.h; name = APPNotificationContent.h; path = "cordova-plugin-local-notification/APPNotificationContent.h"; sourceTree = "<group>"; };
		274782A54F9C4E7A9FEF3808 /* CDVIonicKeyboard.m */ = {isa = PBXFileReference; explicitFileType = undefined; fileEncoding = 4; includeInIndex = 0; lastKnownFileType = sourcecode.c.objc; name = CDVIonicKeyboard.m; path = "cordova-plugin-ionic-keyboard/CDVIonicKeyboard.m"; sourceTree = "<group>"; };
		287D01601E8F43D28550BE6B /* CDVWKWebViewUIDelegate.h */ = {isa = PBXFileReference; explicitFileType = undefined; fileEncoding = 4; includeInIndex = 0; lastKnownFileType = sourcecode.c.h; name = CDVWKWebViewUIDelegate.h; path = "cordova-plugin-ionic-webview/CDVWKWebViewUIDelegate.h"; sourceTree = "<group>"; };
		28FDFA2B541C47198F5CA94E /* FirebasePerformance.framework */ = {isa = PBXFileReference; explicitFileType = undefined; fileEncoding = 9; includeInIndex = 0; lastKnownFileType = wrapper.framework; name = FirebasePerformance.framework; path = "MyApp/Plugins/cordova-plugin-firebase/FirebasePerformance.framework"; sourceTree = "<group>"; };
		29B97316FDCFA39411CA2CEA /* main.m */ = {isa = PBXFileReference; fileEncoding = 4; lastKnownFileType = sourcecode.c.objc; path = main.m; sourceTree = "<group>"; };
		2BC0FF5FBA2E472AA2C06057 /* nanopb.framework */ = {isa = PBXFileReference; explicitFileType = undefined; fileEncoding = 9; includeInIndex = 0; lastKnownFileType = wrapper.framework; name = nanopb.framework; path = "MyApp/Plugins/cordova-plugin-firebase/nanopb.framework"; sourceTree = "<group>"; };
		301BF52D109A57CC0062928A /* CordovaLib/CordovaLib.xcodeproj */ = {isa = PBXFileReference; lastKnownFileType = "wrapper.pb-project"; path = CordovaLib/CordovaLib.xcodeproj; sourceTree = "<group>"; };
		301BF56E109A69640062928A /* www */ = {isa = PBXFileReference; lastKnownFileType = folder; path = www; sourceTree = SOURCE_ROOT; };
		302D95EE14D2391D003F00A1 /* MainViewController.h */ = {isa = PBXFileReference; fileEncoding = 4; lastKnownFileType = sourcecode.c.h; path = MainViewController.h; sourceTree = "<group>"; };
		302D95EF14D2391D003F00A1 /* MainViewController.m */ = {isa = PBXFileReference; fileEncoding = 4; lastKnownFileType = sourcecode.c.objc; path = MainViewController.m; sourceTree = "<group>"; };
		302D95F014D2391D003F00A1 /* MainViewController.xib */ = {isa = PBXFileReference; fileEncoding = 4; lastKnownFileType = file.xib; path = MainViewController.xib; sourceTree = "<group>"; };
		3047A50F1AB8059700498E2A /* build-debug.xcconfig */ = {isa = PBXFileReference; fileEncoding = 4; lastKnownFileType = text.xcconfig; name = "build-debug.xcconfig"; path = "cordova/build-debug.xcconfig"; sourceTree = SOURCE_ROOT; };
		3047A5101AB8059700498E2A /* build-release.xcconfig */ = {isa = PBXFileReference; fileEncoding = 4; lastKnownFileType = text.xcconfig; name = "build-release.xcconfig"; path = "cordova/build-release.xcconfig"; sourceTree = SOURCE_ROOT; };
		3047A5111AB8059700498E2A /* build.xcconfig */ = {isa = PBXFileReference; fileEncoding = 4; lastKnownFileType = text.xcconfig; name = build.xcconfig; path = cordova/build.xcconfig; sourceTree = SOURCE_ROOT; };
		32CA4F630368D1EE00C91783 /* MyApp-Prefix.pch */ = {isa = PBXFileReference; fileEncoding = 4; lastKnownFileType = sourcecode.c.h; path = "MyApp-Prefix.pch"; sourceTree = "<group>"; };
		3779F880BDE94FBFBF932455 /* FirebaseAnalytics.framework */ = {isa = PBXFileReference; explicitFileType = undefined; fileEncoding = 9; includeInIndex = 0; lastKnownFileType = wrapper.framework; name = FirebaseAnalytics.framework; path = "MyApp/Plugins/cordova-plugin-firebase/FirebaseAnalytics.framework"; sourceTree = "<group>"; };
		3C634803A20C40609EE9FB42 /* WebKit.framework */ = {isa = PBXFileReference; explicitFileType = undefined; fileEncoding = 9; includeInIndex = 0; lastKnownFileType = wrapper.framework; name = WebKit.framework; path = System/Library/Frameworks/WebKit.framework; sourceTree = SDKROOT; };
		40CCCA68F2B54E18803EE260 /* FirebaseMessaging.framework */ = {isa = PBXFileReference; explicitFileType = undefined; fileEncoding = 9; includeInIndex = 0; lastKnownFileType = wrapper.framework; name = FirebaseMessaging.framework; path = "MyApp/Plugins/cordova-plugin-firebase/FirebaseMessaging.framework"; sourceTree = "<group>"; };
		450097C96D044D06A3CC15F7 /* IONAssetHandler.h */ = {isa = PBXFileReference; explicitFileType = undefined; fileEncoding = 4; includeInIndex = 0; lastKnownFileType = sourcecode.c.h; name = IONAssetHandler.h; path = "cordova-plugin-ionic-webview/IONAssetHandler.h"; sourceTree = "<group>"; };
		4F5CAAEB589D42DDAA35E8A8 /* APPNotificationContent.m */ = {isa = PBXFileReference; explicitFileType = undefined; fileEncoding = 4; includeInIndex = 0; lastKnownFileType = sourcecode.c.objc; name = APPNotificationContent.m; path = "cordova-plugin-local-notification/APPNotificationContent.m"; sourceTree = "<group>"; };
		5301B82062F947D9B5BC69F8 /* APPBadge.h */ = {isa = PBXFileReference; explicitFileType = undefined; fileEncoding = 4; includeInIndex = 0; lastKnownFileType = sourcecode.c.h; name = APPBadge.h; path = "cordova-plugin-badge/APPBadge.h"; sourceTree = "<group>"; };
		57FC24D79DDB4F98BA6F6A0B /* CDVDevice.m */ = {isa = PBXFileReference; explicitFileType = undefined; fileEncoding = 4; includeInIndex = 0; lastKnownFileType = sourcecode.c.objc; name = CDVDevice.m; path = "cordova-plugin-device/CDVDevice.m"; sourceTree = "<group>"; };
		58072E3A6F3E462ABA0D854B /* FirebaseCoreDiagnostics.framework */ = {isa = PBXFileReference; explicitFileType = undefined; fileEncoding = 9; includeInIndex = 0; lastKnownFileType = wrapper.framework; name = FirebaseCoreDiagnostics.framework; path = "MyApp/Plugins/cordova-plugin-firebase/FirebaseCoreDiagnostics.framework"; sourceTree = "<group>"; };
		58A11538D2FE465683E54EFA /* CDVStatusBar.h */ = {isa = PBXFileReference; explicitFileType = undefined; fileEncoding = 4; includeInIndex = 0; lastKnownFileType = sourcecode.c.h; name = CDVStatusBar.h; path = "cordova-plugin-statusbar/CDVStatusBar.h"; sourceTree = "<group>"; };
		643CE8A6E4994B699E86B7EE /* CDVWKProcessPoolFactory.m */ = {isa = PBXFileReference; explicitFileType = undefined; fileEncoding = 4; includeInIndex = 0; lastKnownFileType = sourcecode.c.objc; name = CDVWKProcessPoolFactory.m; path = "cordova-plugin-ionic-webview/CDVWKProcessPoolFactory.m"; sourceTree = "<group>"; };
		6AF373DFD1634E2D917CDFA9 /* IONAssetHandler.m */ = {isa = PBXFileReference; explicitFileType = undefined; fileEncoding = 4; includeInIndex = 0; lastKnownFileType = sourcecode.c.objc; name = IONAssetHandler.m; path = "cordova-plugin-ionic-webview/IONAssetHandler.m"; sourceTree = "<group>"; };
		6AFF5BF81D6E424B00AB3073 /* CDVLaunchScreen.storyboard */ = {isa = PBXFileReference; fileEncoding = 4; lastKnownFileType = file.storyboard; name = CDVLaunchScreen.storyboard; path = MyApp/CDVLaunchScreen.storyboard; sourceTree = SOURCE_ROOT; };
		6B67CEF6E18543389BE3F62D /* UNNotificationRequest+APPLocalNotification.m */ = {isa = PBXFileReference; explicitFileType = undefined; fileEncoding = 4; includeInIndex = 0; lastKnownFileType = sourcecode.c.objc; name = "UNNotificationRequest+APPLocalNotification.m"; path = "cordova-plugin-local-notification/UNNotificationRequest+APPLocalNotification.m"; sourceTree = "<group>"; };
		76FE1D1E7C9946B198D0F648 /* CDVSplashScreen.m */ = {isa = PBXFileReference; explicitFileType = undefined; fileEncoding = 4; includeInIndex = 0; lastKnownFileType = sourcecode.c.objc; name = CDVSplashScreen.m; path = "cordova-plugin-splashscreen/CDVSplashScreen.m"; sourceTree = "<group>"; };
		77595C0224D749958F37F133 /* FirebaseInstanceID.framework */ = {isa = PBXFileReference; explicitFileType = undefined; fileEncoding = 9; includeInIndex = 0; lastKnownFileType = wrapper.framework; name = FirebaseInstanceID.framework; path = "MyApp/Plugins/cordova-plugin-firebase/FirebaseInstanceID.framework"; sourceTree = "<group>"; };
		77E55B38174742E9A152C388 /* CDVWKWebViewEngine.h */ = {isa = PBXFileReference; explicitFileType = undefined; fileEncoding = 4; includeInIndex = 0; lastKnownFileType = sourcecode.c.h; name = CDVWKWebViewEngine.h; path = "cordova-plugin-ionic-webview/CDVWKWebViewEngine.h"; sourceTree = "<group>"; };
		7B00E9E921854095ABA0DF43 /* APPLocalNotification.m */ = {isa = PBXFileReference; explicitFileType = undefined; fileEncoding = 4; includeInIndex = 0; lastKnownFileType = sourcecode.c.objc; name = APPLocalNotification.m; path = "cordova-plugin-local-notification/APPLocalNotification.m"; sourceTree = "<group>"; };
		7B8C933798524765BA1FC28A /* CoreLocation.framework */ = {isa = PBXFileReference; explicitFileType = undefined; fileEncoding = 9; includeInIndex = 0; lastKnownFileType = wrapper.framework; name = CoreLocation.framework; path = System/Library/Frameworks/CoreLocation.framework; sourceTree = SDKROOT; };
		7F1C610C48084D39BD39529F /* FirebaseRemoteConfig.framework */ = {isa = PBXFileReference; explicitFileType = undefined; fileEncoding = 9; includeInIndex = 0; lastKnownFileType = wrapper.framework; name = FirebaseRemoteConfig.framework; path = "MyApp/Plugins/cordova-plugin-firebase/FirebaseRemoteConfig.framework"; sourceTree = "<group>"; };
		85ADFA5B25C747A99B665D0D /* GoogleUtilities.framework */ = {isa = PBXFileReference; explicitFileType = undefined; fileEncoding = 9; includeInIndex = 0; lastKnownFileType = wrapper.framework; name = GoogleUtilities.framework; path = "MyApp/Plugins/cordova-plugin-firebase/GoogleUtilities.framework"; sourceTree = "<group>"; };
		87294AEFAD4643249E9FD246 /* CDVWKWebViewUIDelegate.m */ = {isa = PBXFileReference; explicitFileType = undefined; fileEncoding = 4; includeInIndex = 0; lastKnownFileType = sourcecode.c.objc; name = CDVWKWebViewUIDelegate.m; path = "cordova-plugin-ionic-webview/CDVWKWebViewUIDelegate.m"; sourceTree = "<group>"; };
		8D1107310486CEB800E47090 /* MyApp-Info.plist */ = {isa = PBXFileReference; fileEncoding = 4; lastKnownFileType = text.plist.xml; name = "MyApp-Info.plist"; path = "MyApp/MyApp-Info.plist"; plistStructureDefinitionIdentifier = "com.apple.xcode.plist.structure-definition.iphone.info-plist"; sourceTree = SOURCE_ROOT; };
		925E67D691D043468F727929 /* Fabric.framework */ = {isa = PBXFileReference; explicitFileType = undefined; fileEncoding = 9; includeInIndex = 0; lastKnownFileType = wrapper.framework; name = Fabric.framework; path = "MyApp/Plugins/cordova-plugin-firebase/Fabric.framework"; sourceTree = "<group>"; };
		94AD171157FC43D981AF7E28 /* APPNotificationOptions.h */ = {isa = PBXFileReference; explicitFileType = undefined; fileEncoding = 4; includeInIndex = 0; lastKnownFileType = sourcecode.c.h; name = APPNotificationOptions.h; path = "cordova-plugin-local-notification/APPNotificationOptions.h"; sourceTree = "<group>"; };
		951056D06FAE4FEEA3CF482F /* CDVViewController+SplashScreen.h */ = {isa = PBXFileReference; explicitFileType = undefined; fileEncoding = 4; includeInIndex = 0; lastKnownFileType = sourcecode.c.h; name = "CDVViewController+SplashScreen.h"; path = "cordova-plugin-splashscreen/CDVViewController+SplashScreen.h"; sourceTree = "<group>"; };
		A0A793C132254D56A28F914E /* AppDelegate+FirebasePlugin.m */ = {isa = PBXFileReference; explicitFileType = undefined; fileEncoding = 4; includeInIndex = 0; lastKnownFileType = sourcecode.c.objc; name = "AppDelegate+FirebasePlugin.m"; path = "cordova-plugin-firebase/AppDelegate+FirebasePlugin.m"; sourceTree = "<group>"; };
		A6BA80ED733442B68CC28376 /* UNUserNotificationCenter+APPLocalNotification.h */ = {isa = PBXFileReference; explicitFileType = undefined; fileEncoding = 4; includeInIndex = 0; lastKnownFileType = sourcecode.c.h; name = "UNUserNotificationCenter+APPLocalNotification.h"; path = "cordova-plugin-local-notification/UNUserNotificationCenter+APPLocalNotification.h"; sourceTree = "<group>"; };
		AA74315FD9FC429FB9DC84D7 /* APPBadge.m */ = {isa = PBXFileReference; explicitFileType = undefined; fileEncoding = 4; includeInIndex = 0; lastKnownFileType = sourcecode.c.objc; name = APPBadge.m; path = "cordova-plugin-badge/APPBadge.m"; sourceTree = "<group>"; };
		AE95FA92B77245859FCDC941 /* APPNotificationOptions.m */ = {isa = PBXFileReference; explicitFileType = undefined; fileEncoding = 4; includeInIndex = 0; lastKnownFileType = sourcecode.c.objc; name = APPNotificationOptions.m; path = "cordova-plugin-local-notification/APPNotificationOptions.m"; sourceTree = "<group>"; };
		B9A5C5FC94B2405EA9418369 /* GoogleToolboxForMac.framework */ = {isa = PBXFileReference; explicitFileType = undefined; fileEncoding = 9; includeInIndex = 0; lastKnownFileType = wrapper.framework; name = GoogleToolboxForMac.framework; path = "MyApp/Plugins/cordova-plugin-firebase/GoogleToolboxForMac.framework"; sourceTree = "<group>"; };
		BB1B0B2C09D1494F8BC4AF9F /* CDVSplashScreen.h */ = {isa = PBXFileReference; explicitFileType = undefined; fileEncoding = 4; includeInIndex = 0; lastKnownFileType = sourcecode.c.h; name = CDVSplashScreen.h; path = "cordova-plugin-splashscreen/CDVSplashScreen.h"; sourceTree = "<group>"; };
		BF21A89A9E494086B6FA60E9 /* APPLocalNotification.h */ = {isa = PBXFileReference; explicitFileType = undefined; fileEncoding = 4; includeInIndex = 0; lastKnownFileType = sourcecode.c.h; name = APPLocalNotification.h; path = "cordova-plugin-local-notification/APPLocalNotification.h"; sourceTree = "<group>"; };
		C38E06B0AC7A4EF5AE24FCAE /* CDVWKProcessPoolFactory.h */ = {isa = PBXFileReference; explicitFileType = undefined; fileEncoding = 4; includeInIndex = 0; lastKnownFileType = sourcecode.c.h; name = CDVWKProcessPoolFactory.h; path = "cordova-plugin-ionic-webview/CDVWKProcessPoolFactory.h"; sourceTree = "<group>"; };
		CAFC515387344690AFC85F16 /* AppDelegate+FirebasePlugin.h */ = {isa = PBXFileReference; explicitFileType = undefined; fileEncoding = 4; includeInIndex = 0; lastKnownFileType = sourcecode.c.h; name = "AppDelegate+FirebasePlugin.h"; path = "cordova-plugin-firebase/AppDelegate+FirebasePlugin.h"; sourceTree = "<group>"; };
		CCCCB6AA587549DDA91696CC /* FirebaseAuth.framework */ = {isa = PBXFileReference; explicitFileType = undefined; fileEncoding = 9; includeInIndex = 0; lastKnownFileType = wrapper.framework; name = FirebaseAuth.framework; path = "MyApp/Plugins/cordova-plugin-firebase/FirebaseAuth.framework"; sourceTree = "<group>"; };
		CFD91C61C942408CBD1A0476 /* FirebaseCore.framework */ = {isa = PBXFileReference; explicitFileType = undefined; fileEncoding = 9; includeInIndex = 0; lastKnownFileType = wrapper.framework; name = FirebaseCore.framework; path = "MyApp/Plugins/cordova-plugin-firebase/FirebaseCore.framework"; sourceTree = "<group>"; };
		D2C89051DEDF4557B00D3BE7 /* UNUserNotificationCenter+APPLocalNotification.m */ = {isa = PBXFileReference; explicitFileType = undefined; fileEncoding = 4; includeInIndex = 0; lastKnownFileType = sourcecode.c.objc; name = "UNUserNotificationCenter+APPLocalNotification.m"; path = "cordova-plugin-local-notification/UNUserNotificationCenter+APPLocalNotification.m"; sourceTree = "<group>"; };
		D34C19EF0DAA4C4C862B7ACF /* Crashlytics.framework */ = {isa = PBXFileReference; explicitFileType = undefined; fileEncoding = 9; includeInIndex = 0; lastKnownFileType = wrapper.framework; name = Crashlytics.framework; path = "MyApp/Plugins/cordova-plugin-firebase/Crashlytics.framework"; sourceTree = "<group>"; };
		D6DF284BAA154345940AECF3 /* CDVViewController+SplashScreen.m */ = {isa = PBXFileReference; explicitFileType = undefined; fileEncoding = 4; includeInIndex = 0; lastKnownFileType = sourcecode.c.objc; name = "CDVViewController+SplashScreen.m"; path = "cordova-plugin-splashscreen/CDVViewController+SplashScreen.m"; sourceTree = "<group>"; };
		E155127E97E440D286B9BA34 /* GoogleAppMeasurement.framework */ = {isa = PBXFileReference; explicitFileType = undefined; fileEncoding = 9; includeInIndex = 0; lastKnownFileType = wrapper.framework; name = GoogleAppMeasurement.framework; path = "MyApp/Plugins/cordova-plugin-firebase/GoogleAppMeasurement.framework"; sourceTree = "<group>"; };
		EB87FDF31871DA8E0020F90C /* www */ = {isa = PBXFileReference; lastKnownFileType = folder; name = www; path = ../../www; sourceTree = "<group>"; };
		EB87FDF41871DAF40020F90C /* config.xml */ = {isa = PBXFileReference; lastKnownFileType = text.xml; name = config.xml; path = ../../config.xml; sourceTree = "<group>"; };
		ED33DF2A687741AEAF9F8254 /* Bridging-Header.h */ = {isa = PBXFileReference; fileEncoding = 4; lastKnownFileType = sourcecode.c.h; path = "Bridging-Header.h"; sourceTree = "<group>"; };
		EF187E0380F14532A0DDB85D /* CDVIonicKeyboard.h */ = {isa = PBXFileReference; explicitFileType = undefined; fileEncoding = 4; includeInIndex = 0; lastKnownFileType = sourcecode.c.h; name = CDVIonicKeyboard.h; path = "cordova-plugin-ionic-keyboard/CDVIonicKeyboard.h"; sourceTree = "<group>"; };
		F840E1F0165FE0F500CFE078 /* config.xml */ = {isa = PBXFileReference; lastKnownFileType = text.xml; name = config.xml; path = MyApp/config.xml; sourceTree = "<group>"; };
		F88696B6117C41DEABF42336 /* MeasurementNanoPB.framework */ = {isa = PBXFileReference; explicitFileType = undefined; fileEncoding = 9; includeInIndex = 0; lastKnownFileType = wrapper.framework; name = MeasurementNanoPB.framework; path = "MyApp/Plugins/cordova-plugin-firebase/MeasurementNanoPB.framework"; sourceTree = "<group>"; };
		F9B349B96ED245618A35C9D0 /* FirebasePlugin.h */ = {isa = PBXFileReference; explicitFileType = undefined; fileEncoding = 4; includeInIndex = 0; lastKnownFileType = sourcecode.c.h; name = FirebasePlugin.h; path = "cordova-plugin-firebase/FirebasePlugin.h"; sourceTree = "<group>"; };
		FA388F982298FD340010EAC7 /* GoogleService-Info.plist */ = {isa = PBXFileReference; fileEncoding = 4; lastKnownFileType = text.plist.xml; name = "GoogleService-Info.plist"; path = "../../GoogleService-Info.plist"; sourceTree = "<group>"; };
		FA388F9A2298FDA80010EAC7 /* GoogleService-Info.plist */ = {isa = PBXFileReference; fileEncoding = 4; lastKnownFileType = text.plist.xml; name = "GoogleService-Info.plist"; path = "../../../Downloads/GoogleService-Info.plist"; sourceTree = "<group>"; };
		FBF33051BC07487C9917D3D6 /* UNNotificationRequest+APPLocalNotification.h */ = {isa = PBXFileReference; explicitFileType = undefined; fileEncoding = 4; includeInIndex = 0; lastKnownFileType = sourcecode.c.h; name = "UNNotificationRequest+APPLocalNotification.h"; path = "cordova-plugin-local-notification/UNNotificationRequest+APPLocalNotification.h"; sourceTree = "<group>"; };
		FBFF4C7794974C22B42A38EF /* CDVDevice.h */ = {isa = PBXFileReference; explicitFileType = undefined; fileEncoding = 4; includeInIndex = 0; lastKnownFileType = sourcecode.c.h; name = CDVDevice.h; path = "cordova-plugin-device/CDVDevice.h"; sourceTree = "<group>"; };
/* End PBXFileReference section */

/* Begin PBXFrameworksBuildPhase section */
		1D60588F0D05DD3D006BFB54 /* Frameworks */ = {
			isa = PBXFrameworksBuildPhase;
			buildActionMask = 2147483647;
			files = (
				301BF552109A68D80062928A /* libCordova.a in Frameworks */,
				FC56015BAFE44F04BA593A50 /* Crashlytics.framework in Frameworks */,
				8457840F0BEE4FFE99FD3858 /* Fabric.framework in Frameworks */,
				5EAA0A93A58A4191BA8397C9 /* GoogleAppMeasurement.framework in Frameworks */,
				F26847F31B45414586018097 /* MeasurementNanoPB.framework in Frameworks */,
				B47D42969816465CAEE3C1E0 /* FirebaseCore.framework in Frameworks */,
				18CB7C7602E441B3A2C18BB3 /* FirebaseAnalytics.framework in Frameworks */,
				EF6692589E1D452BABACD22D /* GoogleUtilities.framework in Frameworks */,
				AC4C6DFFE5474FB7BCB222A2 /* nanopb.framework in Frameworks */,
				7518E213523C451FADC7776E /* FirebaseInstanceID.framework in Frameworks */,
				B3571636B5324E1199A79F71 /* FirebaseCoreDiagnostics.framework in Frameworks */,
				077E10C37F5E488EB75B5F90 /* GTMSessionFetcher.framework in Frameworks */,
				25B14BD9717E4B54A02A2ECA /* FirebaseAuth.framework in Frameworks */,
				09605B38C3064D279FFD49D9 /* FirebaseMessaging.framework in Frameworks */,
				97A2D3A1EDB1419AA439E044 /* GoogleToolboxForMac.framework in Frameworks */,
				31BF049AB7064920A20D7255 /* FirebasePerformance.framework in Frameworks */,
				0A90CC59D16F4E89987B17C8 /* Protobuf.framework in Frameworks */,
				59524EC3C5DD4474B20D4BEB /* FirebaseRemoteConfig.framework in Frameworks */,
				2CD79BF02B7B4A31BA2027D0 /* FirebaseABTesting.framework in Frameworks */,
				6148387DF94C442EB2195E24 /* WebKit.framework in Frameworks */,
				C27E53AF23C3425AB2B88998 /* UserNotifications.framework in Frameworks */,
				279F06E59B5B4FCE8935DC17 /* CoreLocation.framework in Frameworks */,
			);
			runOnlyForDeploymentPostprocessing = 0;
		};
/* End PBXFrameworksBuildPhase section */

/* Begin PBXGroup section */
		080E96DDFE201D6D7F000001 /* Classes */ = {
			isa = PBXGroup;
			children = (
				302D95EE14D2391D003F00A1 /* MainViewController.h */,
				302D95EF14D2391D003F00A1 /* MainViewController.m */,
				302D95F014D2391D003F00A1 /* MainViewController.xib */,
				1D3623240D0F684500981E51 /* AppDelegate.h */,
				1D3623250D0F684500981E51 /* AppDelegate.m */,
			);
			name = Classes;
			path = MyApp/Classes;
			sourceTree = SOURCE_ROOT;
		};
		19C28FACFE9D520D11CA2CBB /* Products */ = {
			isa = PBXGroup;
			children = (
				1D6058910D05DD3D006BFB54 /* MyApp.app */,
			);
			name = Products;
			sourceTree = "<group>";
		};
		29B97314FDCFA39411CA2CEA /* CustomTemplate */ = {
			isa = PBXGroup;
			children = (
				EB87FDF41871DAF40020F90C /* config.xml */,
				EB87FDF31871DA8E0020F90C /* www */,
				EB87FDF11871DA420020F90C /* Staging */,
				301BF52D109A57CC0062928A /* CordovaLib/CordovaLib.xcodeproj */,
				080E96DDFE201D6D7F000001 /* Classes */,
				307C750510C5A3420062BCA9 /* Plugins */,
				29B97315FDCFA39411CA2CEA /* Other Sources */,
				29B97317FDCFA39411CA2CEA /* Resources */,
				29B97323FDCFA39411CA2CEA /* Frameworks */,
				19C28FACFE9D520D11CA2CBB /* Products */,
				FA388F9A2298FDA80010EAC7 /* GoogleService-Info.plist */,
			);
			name = CustomTemplate;
			sourceTree = "<group>";
		};
		29B97315FDCFA39411CA2CEA /* Other Sources */ = {
			isa = PBXGroup;
			children = (
				32CA4F630368D1EE00C91783 /* MyApp-Prefix.pch */,
				29B97316FDCFA39411CA2CEA /* main.m */,
				ED33DF2A687741AEAF9F8254 /* Bridging-Header.h */,
			);
			name = "Other Sources";
			path = MyApp;
			sourceTree = "<group>";
		};
		29B97317FDCFA39411CA2CEA /* Resources */ = {
			isa = PBXGroup;
			children = (
				0207DA571B56EA530066E2B4 /* Images.xcassets */,
				3047A50E1AB8057F00498E2A /* config */,
				8D1107310486CEB800E47090 /* MyApp-Info.plist */,
				6AFF5BF81D6E424B00AB3073 /* CDVLaunchScreen.storyboard */,
				FA388F982298FD340010EAC7 /* GoogleService-Info.plist */,
			);
			name = Resources;
			path = MyApp/Resources;
			sourceTree = "<group>";
		};
		29B97323FDCFA39411CA2CEA /* Frameworks */ = {
			isa = PBXGroup;
			children = (
				D34C19EF0DAA4C4C862B7ACF /* Crashlytics.framework */,
				925E67D691D043468F727929 /* Fabric.framework */,
				E155127E97E440D286B9BA34 /* GoogleAppMeasurement.framework */,
				F88696B6117C41DEABF42336 /* MeasurementNanoPB.framework */,
				CFD91C61C942408CBD1A0476 /* FirebaseCore.framework */,
				3779F880BDE94FBFBF932455 /* FirebaseAnalytics.framework */,
				85ADFA5B25C747A99B665D0D /* GoogleUtilities.framework */,
				2BC0FF5FBA2E472AA2C06057 /* nanopb.framework */,
				77595C0224D749958F37F133 /* FirebaseInstanceID.framework */,
				58072E3A6F3E462ABA0D854B /* FirebaseCoreDiagnostics.framework */,
				11673F67801A481096A9B450 /* GTMSessionFetcher.framework */,
				CCCCB6AA587549DDA91696CC /* FirebaseAuth.framework */,
				40CCCA68F2B54E18803EE260 /* FirebaseMessaging.framework */,
				B9A5C5FC94B2405EA9418369 /* GoogleToolboxForMac.framework */,
				28FDFA2B541C47198F5CA94E /* FirebasePerformance.framework */,
				149CB17095BF421187754027 /* Protobuf.framework */,
				7F1C610C48084D39BD39529F /* FirebaseRemoteConfig.framework */,
				13970510BB6F429788553AF8 /* FirebaseABTesting.framework */,
				3C634803A20C40609EE9FB42 /* WebKit.framework */,
				1CEFF9E8BC6C4BC0ACF2C5C5 /* UserNotifications.framework */,
				7B8C933798524765BA1FC28A /* CoreLocation.framework */,
			);
			name = Frameworks;
			sourceTree = "<group>";
		};
		301BF52E109A57CC0062928A /* Products */ = {
			isa = PBXGroup;
			children = (
				301BF535109A57CC0062928A /* libCordova.a */,
				907D8124214C687600058A10 /* Cordova.framework */,
			);
			name = Products;
			sourceTree = "<group>";
		};
		3047A50E1AB8057F00498E2A /* config */ = {
			isa = PBXGroup;
			children = (
				3047A50F1AB8059700498E2A /* build-debug.xcconfig */,
				3047A5101AB8059700498E2A /* build-release.xcconfig */,
				3047A5111AB8059700498E2A /* build.xcconfig */,
			);
			name = config;
			sourceTree = "<group>";
		};
		307C750510C5A3420062BCA9 /* Plugins */ = {
			isa = PBXGroup;
			children = (
				A0A793C132254D56A28F914E /* AppDelegate+FirebasePlugin.m */,
				2154F5B7B34F4EF599ABD16C /* FirebasePlugin.m */,
				CAFC515387344690AFC85F16 /* AppDelegate+FirebasePlugin.h */,
				F9B349B96ED245618A35C9D0 /* FirebasePlugin.h */,
				12DEB11C0BA44BE0AA786CB7 /* Firebase.h */,
				208562206685413DA2190D9C /* CDVStatusBar.m */,
				58A11538D2FE465683E54EFA /* CDVStatusBar.h */,
				57FC24D79DDB4F98BA6F6A0B /* CDVDevice.m */,
				FBFF4C7794974C22B42A38EF /* CDVDevice.h */,
				76FE1D1E7C9946B198D0F648 /* CDVSplashScreen.m */,
				D6DF284BAA154345940AECF3 /* CDVViewController+SplashScreen.m */,
				BB1B0B2C09D1494F8BC4AF9F /* CDVSplashScreen.h */,
				951056D06FAE4FEEA3CF482F /* CDVViewController+SplashScreen.h */,
				09CD62E1B3E94FC4B78C9C77 /* CDVWKWebViewEngine.m */,
				87294AEFAD4643249E9FD246 /* CDVWKWebViewUIDelegate.m */,
				643CE8A6E4994B699E86B7EE /* CDVWKProcessPoolFactory.m */,
				6AF373DFD1634E2D917CDFA9 /* IONAssetHandler.m */,
				77E55B38174742E9A152C388 /* CDVWKWebViewEngine.h */,
				287D01601E8F43D28550BE6B /* CDVWKWebViewUIDelegate.h */,
				C38E06B0AC7A4EF5AE24FCAE /* CDVWKProcessPoolFactory.h */,
				450097C96D044D06A3CC15F7 /* IONAssetHandler.h */,
				274782A54F9C4E7A9FEF3808 /* CDVIonicKeyboard.m */,
				EF187E0380F14532A0DDB85D /* CDVIonicKeyboard.h */,
				AA74315FD9FC429FB9DC84D7 /* APPBadge.m */,
				5301B82062F947D9B5BC69F8 /* APPBadge.h */,
				7B00E9E921854095ABA0DF43 /* APPLocalNotification.m */,
				4F5CAAEB589D42DDAA35E8A8 /* APPNotificationContent.m */,
				AE95FA92B77245859FCDC941 /* APPNotificationOptions.m */,
				D2C89051DEDF4557B00D3BE7 /* UNUserNotificationCenter+APPLocalNotification.m */,
				6B67CEF6E18543389BE3F62D /* UNNotificationRequest+APPLocalNotification.m */,
				BF21A89A9E494086B6FA60E9 /* APPLocalNotification.h */,
				2571D5705A4844A0956808D7 /* APPNotificationContent.h */,
				94AD171157FC43D981AF7E28 /* APPNotificationOptions.h */,
				A6BA80ED733442B68CC28376 /* UNUserNotificationCenter+APPLocalNotification.h */,
				FBF33051BC07487C9917D3D6 /* UNNotificationRequest+APPLocalNotification.h */,
			);
			name = Plugins;
			path = MyApp/Plugins;
			sourceTree = SOURCE_ROOT;
		};
		EB87FDF11871DA420020F90C /* Staging */ = {
			isa = PBXGroup;
			children = (
				F840E1F0165FE0F500CFE078 /* config.xml */,
				301BF56E109A69640062928A /* www */,
			);
			name = Staging;
			sourceTree = "<group>";
		};
/* End PBXGroup section */

/* Begin PBXNativeTarget section */
		1D6058900D05DD3D006BFB54 /* MyApp */ = {
			isa = PBXNativeTarget;
			buildConfigurationList = 1D6058960D05DD3E006BFB54 /* Build configuration list for PBXNativeTarget "MyApp" */;
			buildPhases = (
				304B58A110DAC018002A0835 /* Copy www directory */,
				1D60588D0D05DD3D006BFB54 /* Resources */,
				1D60588E0D05DD3D006BFB54 /* Sources */,
				1D60588F0D05DD3D006BFB54 /* Frameworks */,
			);
			buildRules = (
			);
			dependencies = (
				301BF551109A68C00062928A /* PBXTargetDependency */,
			);
			name = MyApp;
			productName = MyApp;
			productReference = 1D6058910D05DD3D006BFB54 /* MyApp.app */;
			productType = "com.apple.product-type.application";
		};
/* End PBXNativeTarget section */

/* Begin PBXProject section */
		29B97313FDCFA39411CA2CEA /* Project object */ = {
			isa = PBXProject;
			attributes = {
				LastUpgradeCheck = 1020;
				TargetAttributes = {
					1D6058900D05DD3D006BFB54 = {
						DevelopmentTeam = F272STA5JG;
						ProvisioningStyle = Automatic;
						SystemCapabilities = {
							com.apple.Push = {
								enabled = 0;
							};
						};
					};
				};
			};
			buildConfigurationList = C01FCF4E08A954540054247B /* Build configuration list for PBXProject "MyApp" */;
			compatibilityVersion = "Xcode 3.2";
			developmentRegion = en;
			hasScannedForEncodings = 1;
			knownRegions = (
				en,
				Base,
			);
			mainGroup = 29B97314FDCFA39411CA2CEA /* CustomTemplate */;
			projectDirPath = "";
			projectReferences = (
				{
					ProductGroup = 301BF52E109A57CC0062928A /* Products */;
					ProjectRef = 301BF52D109A57CC0062928A /* CordovaLib/CordovaLib.xcodeproj */;
				},
			);
			projectRoot = "";
			targets = (
				1D6058900D05DD3D006BFB54 /* MyApp */,
			);
		};
/* End PBXProject section */

/* Begin PBXReferenceProxy section */
		301BF535109A57CC0062928A /* libCordova.a */ = {
			isa = PBXReferenceProxy;
			fileType = archive.ar;
			path = libCordova.a;
			remoteRef = 301BF534109A57CC0062928A /* PBXContainerItemProxy */;
			sourceTree = BUILT_PRODUCTS_DIR;
		};
		907D8124214C687600058A10 /* Cordova.framework */ = {
			isa = PBXReferenceProxy;
			fileType = wrapper.framework;
			path = Cordova.framework;
			remoteRef = 907D8123214C687600058A10 /* PBXContainerItemProxy */;
			sourceTree = BUILT_PRODUCTS_DIR;
		};
/* End PBXReferenceProxy section */

/* Begin PBXResourcesBuildPhase section */
		1D60588D0D05DD3D006BFB54 /* Resources */ = {
			isa = PBXResourcesBuildPhase;
			buildActionMask = 2147483647;
			files = (
				302D95F214D2391D003F00A1 /* MainViewController.xib in Resources */,
				0207DA581B56EA530066E2B4 /* Images.xcassets in Resources */,
				FA388F992298FD340010EAC7 /* GoogleService-Info.plist in Resources */,
				6AFF5BF91D6E424B00AB3073 /* CDVLaunchScreen.storyboard in Resources */,
			);
			runOnlyForDeploymentPostprocessing = 0;
		};
/* End PBXResourcesBuildPhase section */

/* Begin PBXShellScriptBuildPhase section */
		304B58A110DAC018002A0835 /* Copy www directory */ = {
			isa = PBXShellScriptBuildPhase;
			buildActionMask = 2147483647;
			files = (
			);
			inputPaths = (
			);
			name = "Copy www directory";
			outputPaths = (
			);
			runOnlyForDeploymentPostprocessing = 0;
			shellPath = /bin/sh;
			shellScript = "\"$SRCROOT/MyApp/Scripts/copy-www-build-step.sh\"";
			showEnvVarsInLog = 0;
		};
/* End PBXShellScriptBuildPhase section */

/* Begin PBXSourcesBuildPhase section */
		1D60588E0D05DD3D006BFB54 /* Sources */ = {
			isa = PBXSourcesBuildPhase;
			buildActionMask = 2147483647;
			files = (
				1D60589B0D05DD56006BFB54 /* main.m in Sources */,
				1D3623260D0F684500981E51 /* AppDelegate.m in Sources */,
				302D95F114D2391D003F00A1 /* MainViewController.m in Sources */,
				EAB27783FE9840F596D111C4 /* AppDelegate+FirebasePlugin.m in Sources */,
				3E249A88A6694AC694BC767F /* FirebasePlugin.m in Sources */,
				F449748592574D46BF44FAAE /* CDVStatusBar.m in Sources */,
				3A71C235E1724FA6831576F9 /* CDVDevice.m in Sources */,
				07DE1303707A406A92B24520 /* CDVSplashScreen.m in Sources */,
				4326E4444F684F72BD3713BF /* CDVViewController+SplashScreen.m in Sources */,
				E7CA4C0DD85E429893C7C794 /* CDVWKWebViewEngine.m in Sources */,
				E30BE14DEF1943C0B9764494 /* CDVWKWebViewUIDelegate.m in Sources */,
				E26069073EA44E54B9888410 /* CDVWKProcessPoolFactory.m in Sources */,
				9D75ACE4ACD24334BCC8A23D /* IONAssetHandler.m in Sources */,
				B80B3DDBF6164A95B8D085D8 /* CDVIonicKeyboard.m in Sources */,
				FF484C9E3BC749CC992A2497 /* APPBadge.m in Sources */,
				412BB2026F1749A488D20521 /* APPLocalNotification.m in Sources */,
				A0D9EE207C6045B5BE5FB8D2 /* APPNotificationContent.m in Sources */,
				0044FA8AEBC14A43BC879D94 /* APPNotificationOptions.m in Sources */,
				8FA82AFCFD7B476393BAD7C0 /* UNUserNotificationCenter+APPLocalNotification.m in Sources */,
				E0CA4287A2CF4D0A975B6CC5 /* UNNotificationRequest+APPLocalNotification.m in Sources */,
			);
			runOnlyForDeploymentPostprocessing = 0;
		};
/* End PBXSourcesBuildPhase section */

/* Begin PBXTargetDependency section */
		301BF551109A68C00062928A /* PBXTargetDependency */ = {
			isa = PBXTargetDependency;
			name = CordovaLib;
			targetProxy = 301BF550109A68C00062928A /* PBXContainerItemProxy */;
		};
/* End PBXTargetDependency section */

/* Begin XCBuildConfiguration section */
		1D6058940D05DD3E006BFB54 /* Debug */ = {
			isa = XCBuildConfiguration;
			baseConfigurationReference = 3047A50F1AB8059700498E2A /* build-debug.xcconfig */;
			buildSettings = {
				ALWAYS_SEARCH_USER_PATHS = NO;
				ASSETCATALOG_COMPILER_APPICON_NAME = AppIcon;
				ASSETCATALOG_COMPILER_LAUNCHIMAGE_NAME = LaunchImage;
				CLANG_ENABLE_MODULES = YES;
				CLANG_ENABLE_OBJC_ARC = YES;
				COPY_PHASE_STRIP = NO;
				DEVELOPMENT_TEAM = F272STA5JG;
				FRAMEWORK_SEARCH_PATHS = (
					"$(inherited)",
					"\"MyApp/Plugins/cordova-plugin-firebase\"",
					"\"MyApp/Plugins/cordova-plugin-firebase\"",
					"\"MyApp/Plugins/cordova-plugin-firebase\"",
					"\"MyApp/Plugins/cordova-plugin-firebase\"",
					"\"MyApp/Plugins/cordova-plugin-firebase\"",
					"\"MyApp/Plugins/cordova-plugin-firebase\"",
					"\"MyApp/Plugins/cordova-plugin-firebase\"",
					"\"MyApp/Plugins/cordova-plugin-firebase\"",
					"\"MyApp/Plugins/cordova-plugin-firebase\"",
					"\"MyApp/Plugins/cordova-plugin-firebase\"",
					"\"MyApp/Plugins/cordova-plugin-firebase\"",
					"\"MyApp/Plugins/cordova-plugin-firebase\"",
					"\"MyApp/Plugins/cordova-plugin-firebase\"",
					"\"MyApp/Plugins/cordova-plugin-firebase\"",
					"\"MyApp/Plugins/cordova-plugin-firebase\"",
					"\"MyApp/Plugins/cordova-plugin-firebase\"",
					"\"MyApp/Plugins/cordova-plugin-firebase\"",
					"\"MyApp/Plugins/cordova-plugin-firebase\"",
				);
				GCC_DYNAMIC_NO_PIC = NO;
				GCC_OPTIMIZATION_LEVEL = 0;
				GCC_PRECOMPILE_PREFIX_HEADER = YES;
				GCC_PREFIX_HEADER = "MyApp/MyApp-Prefix.pch";
				GCC_THUMB_SUPPORT = NO;
				GCC_VERSION = "";
				INFOPLIST_FILE = "MyApp/MyApp-Info.plist";
				IPHONEOS_DEPLOYMENT_TARGET = 11.0;
				LD_RUNPATH_SEARCH_PATHS = "@executable_path/Frameworks";
				PRODUCT_BUNDLE_IDENTIFIER = com.alexdub.taskit;
				PRODUCT_NAME = "$(TARGET_NAME)";
				TARGETED_DEVICE_FAMILY = "1,2";
			};
			name = Debug;
		};
		1D6058950D05DD3E006BFB54 /* Release */ = {
			isa = XCBuildConfiguration;
			baseConfigurationReference = 3047A5101AB8059700498E2A /* build-release.xcconfig */;
			buildSettings = {
				ALWAYS_SEARCH_USER_PATHS = NO;
				ASSETCATALOG_COMPILER_APPICON_NAME = AppIcon;
				ASSETCATALOG_COMPILER_LAUNCHIMAGE_NAME = LaunchImage;
				CLANG_ENABLE_MODULES = YES;
				CLANG_ENABLE_OBJC_ARC = YES;
				COPY_PHASE_STRIP = YES;
				DEVELOPMENT_TEAM = F272STA5JG;
				FRAMEWORK_SEARCH_PATHS = (
					"$(inherited)",
					"\"MyApp/Plugins/cordova-plugin-firebase\"",
					"\"MyApp/Plugins/cordova-plugin-firebase\"",
					"\"MyApp/Plugins/cordova-plugin-firebase\"",
					"\"MyApp/Plugins/cordova-plugin-firebase\"",
					"\"MyApp/Plugins/cordova-plugin-firebase\"",
					"\"MyApp/Plugins/cordova-plugin-firebase\"",
					"\"MyApp/Plugins/cordova-plugin-firebase\"",
					"\"MyApp/Plugins/cordova-plugin-firebase\"",
					"\"MyApp/Plugins/cordova-plugin-firebase\"",
					"\"MyApp/Plugins/cordova-plugin-firebase\"",
					"\"MyApp/Plugins/cordova-plugin-firebase\"",
					"\"MyApp/Plugins/cordova-plugin-firebase\"",
					"\"MyApp/Plugins/cordova-plugin-firebase\"",
					"\"MyApp/Plugins/cordova-plugin-firebase\"",
					"\"MyApp/Plugins/cordova-plugin-firebase\"",
					"\"MyApp/Plugins/cordova-plugin-firebase\"",
					"\"MyApp/Plugins/cordova-plugin-firebase\"",
					"\"MyApp/Plugins/cordova-plugin-firebase\"",
				);
				GCC_PRECOMPILE_PREFIX_HEADER = YES;
				GCC_PREFIX_HEADER = "MyApp/MyApp-Prefix.pch";
				GCC_THUMB_SUPPORT = NO;
				GCC_VERSION = "";
				INFOPLIST_FILE = "MyApp/MyApp-Info.plist";
				IPHONEOS_DEPLOYMENT_TARGET = 11.0;
				LD_RUNPATH_SEARCH_PATHS = "@executable_path/Frameworks";
				PRODUCT_BUNDLE_IDENTIFIER = com.alexdub.taskit;
				PRODUCT_NAME = "$(TARGET_NAME)";
				TARGETED_DEVICE_FAMILY = "1,2";
			};
			name = Release;
		};
		C01FCF4F08A954540054247B /* Debug */ = {
			isa = XCBuildConfiguration;
			baseConfigurationReference = 3047A5111AB8059700498E2A /* build.xcconfig */;
			buildSettings = {
				CLANG_ANALYZER_LOCALIZABILITY_NONLOCALIZED = YES;
				CLANG_ENABLE_MODULES = YES;
				CLANG_ENABLE_OBJC_ARC = YES;
				CLANG_WARN_BLOCK_CAPTURE_AUTORELEASING = YES;
				CLANG_WARN_BOOL_CONVERSION = YES;
				CLANG_WARN_COMMA = YES;
				CLANG_WARN_CONSTANT_CONVERSION = YES;
				CLANG_WARN_DEPRECATED_OBJC_IMPLEMENTATIONS = YES;
				CLANG_WARN_EMPTY_BODY = YES;
				CLANG_WARN_ENUM_CONVERSION = YES;
				CLANG_WARN_INFINITE_RECURSION = YES;
				CLANG_WARN_INT_CONVERSION = YES;
				CLANG_WARN_NON_LITERAL_NULL_CONVERSION = YES;
				CLANG_WARN_OBJC_IMPLICIT_RETAIN_SELF = YES;
				CLANG_WARN_OBJC_LITERAL_CONVERSION = YES;
				CLANG_WARN_RANGE_LOOP_ANALYSIS = YES;
				CLANG_WARN_STRICT_PROTOTYPES = YES;
				CLANG_WARN_SUSPICIOUS_MOVE = YES;
				CLANG_WARN_UNREACHABLE_CODE = YES;
				CLANG_WARN__DUPLICATE_METHOD_MATCH = YES;
				ENABLE_STRICT_OBJC_MSGSEND = YES;
				ENABLE_TESTABILITY = YES;
				GCC_C_LANGUAGE_STANDARD = c99;
				GCC_NO_COMMON_BLOCKS = YES;
				GCC_THUMB_SUPPORT = NO;
				GCC_VERSION = "";
				GCC_WARN_64_TO_32_BIT_CONVERSION = YES;
				GCC_WARN_ABOUT_RETURN_TYPE = YES;
				GCC_WARN_UNDECLARED_SELECTOR = YES;
				GCC_WARN_UNINITIALIZED_AUTOS = YES;
				GCC_WARN_UNUSED_FUNCTION = YES;
				GCC_WARN_UNUSED_VARIABLE = YES;
				IPHONEOS_DEPLOYMENT_TARGET = 11.0;
				ONLY_ACTIVE_ARCH = YES;
				PRODUCT_BUNDLE_IDENTIFIER = io.ionic.starter;
				SDKROOT = iphoneos;
				SKIP_INSTALL = NO;
			};
			name = Debug;
		};
		C01FCF5008A954540054247B /* Release */ = {
			isa = XCBuildConfiguration;
			baseConfigurationReference = 3047A5111AB8059700498E2A /* build.xcconfig */;
			buildSettings = {
				CLANG_ANALYZER_LOCALIZABILITY_NONLOCALIZED = YES;
				CLANG_ENABLE_MODULES = YES;
				CLANG_ENABLE_OBJC_ARC = YES;
				CLANG_WARN_BLOCK_CAPTURE_AUTORELEASING = YES;
				CLANG_WARN_BOOL_CONVERSION = YES;
				CLANG_WARN_COMMA = YES;
				CLANG_WARN_CONSTANT_CONVERSION = YES;
				CLANG_WARN_DEPRECATED_OBJC_IMPLEMENTATIONS = YES;
				CLANG_WARN_EMPTY_BODY = YES;
				CLANG_WARN_ENUM_CONVERSION = YES;
				CLANG_WARN_INFINITE_RECURSION = YES;
				CLANG_WARN_INT_CONVERSION = YES;
				CLANG_WARN_NON_LITERAL_NULL_CONVERSION = YES;
				CLANG_WARN_OBJC_IMPLICIT_RETAIN_SELF = YES;
				CLANG_WARN_OBJC_LITERAL_CONVERSION = YES;
				CLANG_WARN_RANGE_LOOP_ANALYSIS = YES;
				CLANG_WARN_STRICT_PROTOTYPES = YES;
				CLANG_WARN_SUSPICIOUS_MOVE = YES;
				CLANG_WARN_UNREACHABLE_CODE = YES;
				CLANG_WARN__DUPLICATE_METHOD_MATCH = YES;
				ENABLE_STRICT_OBJC_MSGSEND = YES;
				GCC_C_LANGUAGE_STANDARD = c99;
				GCC_NO_COMMON_BLOCKS = YES;
				GCC_THUMB_SUPPORT = NO;
				GCC_VERSION = "";
				GCC_WARN_64_TO_32_BIT_CONVERSION = YES;
				GCC_WARN_ABOUT_RETURN_TYPE = YES;
				GCC_WARN_UNDECLARED_SELECTOR = YES;
				GCC_WARN_UNINITIALIZED_AUTOS = YES;
				GCC_WARN_UNUSED_FUNCTION = YES;
				GCC_WARN_UNUSED_VARIABLE = YES;
				IPHONEOS_DEPLOYMENT_TARGET = 11.0;
				PRODUCT_BUNDLE_IDENTIFIER = io.ionic.starter;
				SDKROOT = iphoneos;
				SKIP_INSTALL = NO;
			};
			name = Release;
		};
/* End XCBuildConfiguration section */

/* Begin XCConfigurationList section */
		1D6058960D05DD3E006BFB54 /* Build configuration list for PBXNativeTarget "MyApp" */ = {
			isa = XCConfigurationList;
			buildConfigurations = (
				1D6058940D05DD3E006BFB54 /* Debug */,
				1D6058950D05DD3E006BFB54 /* Release */,
			);
			defaultConfigurationIsVisible = 0;
			defaultConfigurationName = Release;
		};
		C01FCF4E08A954540054247B /* Build configuration list for PBXProject "MyApp" */ = {
			isa = XCConfigurationList;
			buildConfigurations = (
				C01FCF4F08A954540054247B /* Debug */,
				C01FCF5008A954540054247B /* Release */,
			);
			defaultConfigurationIsVisible = 0;
			defaultConfigurationName = Release;
		};
/* End XCConfigurationList section */
	};
	rootObject = 29B97313FDCFA39411CA2CEA /* Project object */;
}
